// !$*UTF8*$!
{
	archiveVersion = 1;
	classes = {
	};
	objectVersion = 46;
	objects = {

/* Begin PBXBuildFile section */
		31EF58AD1ECFE5EE00722247 /* AppDelegate.swift in Sources */ = {isa = PBXBuildFile; fileRef = 31EF58AC1ECFE5EE00722247 /* AppDelegate.swift */; };
		31EF58AF1ECFE5EE00722247 /* ViewController.swift in Sources */ = {isa = PBXBuildFile; fileRef = 31EF58AE1ECFE5EE00722247 /* ViewController.swift */; };
		31EF58B21ECFE5EE00722247 /* Main.storyboard in Resources */ = {isa = PBXBuildFile; fileRef = 31EF58B01ECFE5EE00722247 /* Main.storyboard */; };
		31EF58B41ECFE5EE00722247 /* Assets.xcassets in Resources */ = {isa = PBXBuildFile; fileRef = 31EF58B31ECFE5EE00722247 /* Assets.xcassets */; };
		31EF58B71ECFE5EE00722247 /* LaunchScreen.storyboard in Resources */ = {isa = PBXBuildFile; fileRef = 31EF58B51ECFE5EE00722247 /* LaunchScreen.storyboard */; };
		31EF58C21ECFE5EE00722247 /* HelloiOSTests.swift in Sources */ = {isa = PBXBuildFile; fileRef = 31EF58C11ECFE5EE00722247 /* HelloiOSTests.swift */; };
		31EF58CD1ECFE5EE00722247 /* HelloiOSUITests.swift in Sources */ = {isa = PBXBuildFile; fileRef = 31EF58CC1ECFE5EE00722247 /* HelloiOSUITests.swift */; };
/* End PBXBuildFile section */

/* Begin PBXContainerItemProxy section */
		31EF58BE1ECFE5EE00722247 /* PBXContainerItemProxy */ = {
			isa = PBXContainerItemProxy;
			containerPortal = 31EF58A11ECFE5EE00722247 /* Project object */;
			proxyType = 1;
			remoteGlobalIDString = 31EF58A81ECFE5EE00722247;
			remoteInfo = HelloiOS;
		};
		31EF58C91ECFE5EE00722247 /* PBXContainerItemProxy */ = {
			isa = PBXContainerItemProxy;
			containerPortal = 31EF58A11ECFE5EE00722247 /* Project object */;
			proxyType = 1;
			remoteGlobalIDString = 31EF58A81ECFE5EE00722247;
			remoteInfo = HelloiOS;
		};
/* End PBXContainerItemProxy section */

/* Begin PBXFileReference section */
		31EF58A91ECFE5EE00722247 /* HelloiOS.app */ = {isa = PBXFileReference; explicitFileType = wrapper.application; includeInIndex = 0; path = HelloiOS.app; sourceTree = BUILT_PRODUCTS_DIR; };
		31EF58AC1ECFE5EE00722247 /* AppDelegate.swift */ = {isa = PBXFileReference; lastKnownFileType = sourcecode.swift; path = AppDelegate.swift; sourceTree = "<group>"; };
		31EF58AE1ECFE5EE00722247 /* ViewController.swift */ = {isa = PBXFileReference; lastKnownFileType = sourcecode.swift; path = ViewController.swift; sourceTree = "<group>"; };
		31EF58B11ECFE5EE00722247 /* Base */ = {isa = PBXFileReference; lastKnownFileType = file.storyboard; name = Base; path = Base.lproj/Main.storyboard; sourceTree = "<group>"; };
		31EF58B31ECFE5EE00722247 /* Assets.xcassets */ = {isa = PBXFileReference; lastKnownFileType = folder.assetcatalog; path = Assets.xcassets; sourceTree = "<group>"; };
		31EF58B61ECFE5EE00722247 /* Base */ = {isa = PBXFileReference; lastKnownFileType = file.storyboard; name = Base; path = Base.lproj/LaunchScreen.storyboard; sourceTree = "<group>"; };
		31EF58B81ECFE5EE00722247 /* Info.plist */ = {isa = PBXFileReference; lastKnownFileType = text.plist.xml; path = Info.plist; sourceTree = "<group>"; };
		31EF58BD1ECFE5EE00722247 /* HelloiOSTests.xctest */ = {isa = PBXFileReference; explicitFileType = wrapper.cfbundle; includeInIndex = 0; path = HelloiOSTests.xctest; sourceTree = BUILT_PRODUCTS_DIR; };
		31EF58C11ECFE5EE00722247 /* HelloiOSTests.swift */ = {isa = PBXFileReference; lastKnownFileType = sourcecode.swift; path = HelloiOSTests.swift; sourceTree = "<group>"; };
		31EF58C31ECFE5EE00722247 /* Info.plist */ = {isa = PBXFileReference; lastKnownFileType = text.plist.xml; path = Info.plist; sourceTree = "<group>"; };
		31EF58C81ECFE5EE00722247 /* HelloiOSUITests.xctest */ = {isa = PBXFileReference; explicitFileType = wrapper.cfbundle; includeInIndex = 0; path = HelloiOSUITests.xctest; sourceTree = BUILT_PRODUCTS_DIR; };
		31EF58CC1ECFE5EE00722247 /* HelloiOSUITests.swift */ = {isa = PBXFileReference; lastKnownFileType = sourcecode.swift; path = HelloiOSUITests.swift; sourceTree = "<group>"; };
		31EF58CE1ECFE5EE00722247 /* Info.plist */ = {isa = PBXFileReference; lastKnownFileType = text.plist.xml; path = Info.plist; sourceTree = "<group>"; };
/* End PBXFileReference section */

/* Begin PBXFrameworksBuildPhase section */
		31EF58A61ECFE5EE00722247 /* Frameworks */ = {
			isa = PBXFrameworksBuildPhase;
			buildActionMask = 2147483647;
			files = (
			);
			runOnlyForDeploymentPostprocessing = 0;
		};
		31EF58BA1ECFE5EE00722247 /* Frameworks */ = {
			isa = PBXFrameworksBuildPhase;
			buildActionMask = 2147483647;
			files = (
			);
			runOnlyForDeploymentPostprocessing = 0;
		};
		31EF58C51ECFE5EE00722247 /* Frameworks */ = {
			isa = PBXFrameworksBuildPhase;
			buildActionMask = 2147483647;
			files = (
			);
			runOnlyForDeploymentPostprocessing = 0;
		};
/* End PBXFrameworksBuildPhase section */

/* Begin PBXGroup section */
		31EF58A01ECFE5EE00722247 = {
			isa = PBXGroup;
			children = (
				31EF58AB1ECFE5EE00722247 /* HelloiOS */,
				31EF58C01ECFE5EE00722247 /* HelloiOSTests */,
				31EF58CB1ECFE5EE00722247 /* HelloiOSUITests */,
				31EF58AA1ECFE5EE00722247 /* Products */,
			);
			sourceTree = "<group>";
		};
		31EF58AA1ECFE5EE00722247 /* Products */ = {
			isa = PBXGroup;
			children = (
				31EF58A91ECFE5EE00722247 /* HelloiOS.app */,
				31EF58BD1ECFE5EE00722247 /* HelloiOSTests.xctest */,
				31EF58C81ECFE5EE00722247 /* HelloiOSUITests.xctest */,
			);
			name = Products;
			sourceTree = "<group>";
		};
		31EF58AB1ECFE5EE00722247 /* HelloiOS */ = {
			isa = PBXGroup;
			children = (
				31EF58AC1ECFE5EE00722247 /* AppDelegate.swift */,
				31EF58AE1ECFE5EE00722247 /* ViewController.swift */,
				31EF58B01ECFE5EE00722247 /* Main.storyboard */,
				31EF58B31ECFE5EE00722247 /* Assets.xcassets */,
				31EF58B51ECFE5EE00722247 /* LaunchScreen.storyboard */,
				31EF58B81ECFE5EE00722247 /* Info.plist */,
			);
			path = HelloiOS;
			sourceTree = "<group>";
		};
		31EF58C01ECFE5EE00722247 /* HelloiOSTests */ = {
			isa = PBXGroup;
			children = (
				31EF58C11ECFE5EE00722247 /* HelloiOSTests.swift */,
				31EF58C31ECFE5EE00722247 /* Info.plist */,
			);
			path = HelloiOSTests;
			sourceTree = "<group>";
		};
		31EF58CB1ECFE5EE00722247 /* HelloiOSUITests */ = {
			isa = PBXGroup;
			children = (
				31EF58CC1ECFE5EE00722247 /* HelloiOSUITests.swift */,
				31EF58CE1ECFE5EE00722247 /* Info.plist */,
			);
			path = HelloiOSUITests;
			sourceTree = "<group>";
		};
/* End PBXGroup section */

/* Begin PBXNativeTarget section */
		31EF58A81ECFE5EE00722247 /* HelloiOS */ = {
			isa = PBXNativeTarget;
			buildConfigurationList = 31EF58D11ECFE5EE00722247 /* Build configuration list for PBXNativeTarget "HelloiOS" */;
			buildPhases = (
				31EF58A51ECFE5EE00722247 /* Sources */,
				31EF58A61ECFE5EE00722247 /* Frameworks */,
				31EF58A71ECFE5EE00722247 /* Resources */,
			);
			buildRules = (
			);
			dependencies = (
			);
			name = HelloiOS;
			productName = HelloiOS;
			productReference = 31EF58A91ECFE5EE00722247 /* HelloiOS.app */;
			productType = "com.apple.product-type.application";
		};
		31EF58BC1ECFE5EE00722247 /* HelloiOSTests */ = {
			isa = PBXNativeTarget;
			buildConfigurationList = 31EF58D41ECFE5EE00722247 /* Build configuration list for PBXNativeTarget "HelloiOSTests" */;
			buildPhases = (
				31EF58B91ECFE5EE00722247 /* Sources */,
				31EF58BA1ECFE5EE00722247 /* Frameworks */,
				31EF58BB1ECFE5EE00722247 /* Resources */,
			);
			buildRules = (
			);
			dependencies = (
				31EF58BF1ECFE5EE00722247 /* PBXTargetDependency */,
			);
			name = HelloiOSTests;
			productName = HelloiOSTests;
			productReference = 31EF58BD1ECFE5EE00722247 /* HelloiOSTests.xctest */;
			productType = "com.apple.product-type.bundle.unit-test";
		};
		31EF58C71ECFE5EE00722247 /* HelloiOSUITests */ = {
			isa = PBXNativeTarget;
			buildConfigurationList = 31EF58D71ECFE5EE00722247 /* Build configuration list for PBXNativeTarget "HelloiOSUITests" */;
			buildPhases = (
				31EF58C41ECFE5EE00722247 /* Sources */,
				31EF58C51ECFE5EE00722247 /* Frameworks */,
				31EF58C61ECFE5EE00722247 /* Resources */,
			);
			buildRules = (
			);
			dependencies = (
				31EF58CA1ECFE5EE00722247 /* PBXTargetDependency */,
			);
			name = HelloiOSUITests;
			productName = HelloiOSUITests;
			productReference = 31EF58C81ECFE5EE00722247 /* HelloiOSUITests.xctest */;
			productType = "com.apple.product-type.bundle.ui-testing";
		};
/* End PBXNativeTarget section */

/* Begin PBXProject section */
		31EF58A11ECFE5EE00722247 /* Project object */ = {
			isa = PBXProject;
			attributes = {
				LastSwiftUpdateCheck = 0830;
				LastUpgradeCheck = 0830;
				ORGANIZATIONNAME = yidengxuetang;
				TargetAttributes = {
					31EF58A81ECFE5EE00722247 = {
						CreatedOnToolsVersion = 8.3.1;
						DevelopmentTeam = MDMP7FR5UC;
						ProvisioningStyle = Automatic;
					};
					31EF58BC1ECFE5EE00722247 = {
						CreatedOnToolsVersion = 8.3.1;
						DevelopmentTeam = MDMP7FR5UC;
						ProvisioningStyle = Automatic;
						TestTargetID = 31EF58A81ECFE5EE00722247;
					};
					31EF58C71ECFE5EE00722247 = {
						CreatedOnToolsVersion = 8.3.1;
						DevelopmentTeam = MDMP7FR5UC;
						ProvisioningStyle = Automatic;
						TestTargetID = 31EF58A81ECFE5EE00722247;
					};
				};
			};
			buildConfigurationList = 31EF58A41ECFE5EE00722247 /* Build configuration list for PBXProject "HelloiOS" */;
			compatibilityVersion = "Xcode 3.2";
			developmentRegion = English;
			hasScannedForEncodings = 0;
			knownRegions = (
				en,
				Base,
			);
			mainGroup = 31EF58A01ECFE5EE00722247;
			productRefGroup = 31EF58AA1ECFE5EE00722247 /* Products */;
			projectDirPath = "";
			projectRoot = "";
			targets = (
				31EF58A81ECFE5EE00722247 /* HelloiOS */,
				31EF58BC1ECFE5EE00722247 /* HelloiOSTests */,
				31EF58C71ECFE5EE00722247 /* HelloiOSUITests */,
			);
		};
/* End PBXProject section */

/* Begin PBXResourcesBuildPhase section */
		31EF58A71ECFE5EE00722247 /* Resources */ = {
			isa = PBXResourcesBuildPhase;
			buildActionMask = 2147483647;
			files = (
				31EF58B71ECFE5EE00722247 /* LaunchScreen.storyboard in Resources */,
				31EF58B41ECFE5EE00722247 /* Assets.xcassets in Resources */,
				31EF58B21ECFE5EE00722247 /* Main.storyboard in Resources */,
			);
			runOnlyForDeploymentPostprocessing = 0;
		};
		31EF58BB1ECFE5EE00722247 /* Resources */ = {
			isa = PBXResourcesBuildPhase;
			buildActionMask = 2147483647;
			files = (
			);
			runOnlyForDeploymentPostprocessing = 0;
		};
		31EF58C61ECFE5EE00722247 /* Resources */ = {
			isa = PBXResourcesBuildPhase;
			buildActionMask = 2147483647;
			files = (
			);
			runOnlyForDeploymentPostprocessing = 0;
		};
/* End PBXResourcesBuildPhase section */

/* Begin PBXSourcesBuildPhase section */
		31EF58A51ECFE5EE00722247 /* Sources */ = {
			isa = PBXSourcesBuildPhase;
			buildActionMask = 2147483647;
			files = (
				31EF58AF1ECFE5EE00722247 /* ViewController.swift in Sources */,
				31EF58AD1ECFE5EE00722247 /* AppDelegate.swift in Sources */,
			);
			runOnlyForDeploymentPostprocessing = 0;
		};
		31EF58B91ECFE5EE00722247 /* Sources */ = {
			isa = PBXSourcesBuildPhase;
			buildActionMask = 2147483647;
			files = (
				31EF58C21ECFE5EE00722247 /* HelloiOSTests.swift in Sources */,
			);
			runOnlyForDeploymentPostprocessing = 0;
		};
		31EF58C41ECFE5EE00722247 /* Sources */ = {
			isa = PBXSourcesBuildPhase;
			buildActionMask = 2147483647;
			files = (
				31EF58CD1ECFE5EE00722247 /* HelloiOSUITests.swift in Sources */,
			);
			runOnlyForDeploymentPostprocessing = 0;
		};
/* End PBXSourcesBuildPhase section */

/* Begin PBXTargetDependency section */
		31EF58BF1ECFE5EE00722247 /* PBXTargetDependency */ = {
			isa = PBXTargetDependency;
			target = 31EF58A81ECFE5EE00722247 /* HelloiOS */;
			targetProxy = 31EF58BE1ECFE5EE00722247 /* PBXContainerItemProxy */;
		};
		31EF58CA1ECFE5EE00722247 /* PBXTargetDependency */ = {
			isa = PBXTargetDependency;
			target = 31EF58A81ECFE5EE00722247 /* HelloiOS */;
			targetProxy = 31EF58C91ECFE5EE00722247 /* PBXContainerItemProxy */;
		};
/* End PBXTargetDependency section */

/* Begin PBXVariantGroup section */
		31EF58B01ECFE5EE00722247 /* Main.storyboard */ = {
			isa = PBXVariantGroup;
			children = (
				31EF58B11ECFE5EE00722247 /* Base */,
			);
			name = Main.storyboard;
			sourceTree = "<group>";
		};
		31EF58B51ECFE5EE00722247 /* LaunchScreen.storyboard */ = {
			isa = PBXVariantGroup;
			children = (
				31EF58B61ECFE5EE00722247 /* Base */,
			);
			name = LaunchScreen.storyboard;
			sourceTree = "<group>";
		};
/* End PBXVariantGroup section */

/* Begin XCBuildConfiguration section */
		31EF58CF1ECFE5EE00722247 /* Debug */ = {
			isa = XCBuildConfiguration;
			buildSettings = {
				ALWAYS_SEARCH_USER_PATHS = NO;
				CLANG_ANALYZER_NONNULL = YES;
				CLANG_ANALYZER_NUMBER_OBJECT_CONVERSION = YES_AGGRESSIVE;
				CLANG_CXX_LANGUAGE_STANDARD = "gnu++0x";
				CLANG_CXX_LIBRARY = "libc++";
				CLANG_ENABLE_MODULES = YES;
				CLANG_ENABLE_OBJC_ARC = YES;
				CLANG_WARN_BOOL_CONVERSION = YES;
				CLANG_WARN_CONSTANT_CONVERSION = YES;
				CLANG_WARN_DIRECT_OBJC_ISA_USAGE = YES_ERROR;
				CLANG_WARN_DOCUMENTATION_COMMENTS = YES;
				CLANG_WARN_EMPTY_BODY = YES;
				CLANG_WARN_ENUM_CONVERSION = YES;
				CLANG_WARN_INFINITE_RECURSION = YES;
				CLANG_WARN_INT_CONVERSION = YES;
				CLANG_WARN_OBJC_ROOT_CLASS = YES_ERROR;
				CLANG_WARN_SUSPICIOUS_MOVE = YES;
				CLANG_WARN_UNREACHABLE_CODE = YES;
				CLANG_WARN__DUPLICATE_METHOD_MATCH = YES;
				"CODE_SIGN_IDENTITY[sdk=iphoneos*]" = "iPhone Developer";
				COPY_PHASE_STRIP = NO;
				DEBUG_INFORMATION_FORMAT = dwarf;
				ENABLE_STRICT_OBJC_MSGSEND = YES;
				ENABLE_TESTABILITY = YES;
				GCC_C_LANGUAGE_STANDARD = gnu99;
				GCC_DYNAMIC_NO_PIC = NO;
				GCC_NO_COMMON_BLOCKS = YES;
				GCC_OPTIMIZATION_LEVEL = 0;
				GCC_PREPROCESSOR_DEFINITIONS = (
					"DEBUG=1",
					"$(inherited)",
				);
				GCC_WARN_64_TO_32_BIT_CONVERSION = YES;
				GCC_WARN_ABOUT_RETURN_TYPE = YES_ERROR;
				GCC_WARN_UNDECLARED_SELECTOR = YES;
				GCC_WARN_UNINITIALIZED_AUTOS = YES_AGGRESSIVE;
				GCC_WARN_UNUSED_FUNCTION = YES;
				GCC_WARN_UNUSED_VARIABLE = YES;
				IPHONEOS_DEPLOYMENT_TARGET = 10.3;
				MTL_ENABLE_DEBUG_INFO = YES;
				ONLY_ACTIVE_ARCH = YES;
				SDKROOT = iphoneos;
				SWIFT_ACTIVE_COMPILATION_CONDITIONS = DEBUG;
				SWIFT_OPTIMIZATION_LEVEL = "-Onone";
				TARGETED_DEVICE_FAMILY = "1,2";
			};
			name = Debug;
		};
		31EF58D01ECFE5EE00722247 /* Release */ = {
			isa = XCBuildConfiguration;
			buildSettings = {
				ALWAYS_SEARCH_USER_PATHS = NO;
				CLANG_ANALYZER_NONNULL = YES;
				CLANG_ANALYZER_NUMBER_OBJECT_CONVERSION = YES_AGGRESSIVE;
				CLANG_CXX_LANGUAGE_STANDARD = "gnu++0x";
				CLANG_CXX_LIBRARY = "libc++";
				CLANG_ENABLE_MODULES = YES;
				CLANG_ENABLE_OBJC_ARC = YES;
				CLANG_WARN_BOOL_CONVERSION = YES;
				CLANG_WARN_CONSTANT_CONVERSION = YES;
				CLANG_WARN_DIRECT_OBJC_ISA_USAGE = YES_ERROR;
				CLANG_WARN_DOCUMENTATION_COMMENTS = YES;
				CLANG_WARN_EMPTY_BODY = YES;
				CLANG_WARN_ENUM_CONVERSION = YES;
				CLANG_WARN_INFINITE_RECURSION = YES;
				CLANG_WARN_INT_CONVERSION = YES;
				CLANG_WARN_OBJC_ROOT_CLASS = YES_ERROR;
				CLANG_WARN_SUSPICIOUS_MOVE = YES;
				CLANG_WARN_UNREACHABLE_CODE = YES;
				CLANG_WARN__DUPLICATE_METHOD_MATCH = YES;
				"CODE_SIGN_IDENTITY[sdk=iphoneos*]" = "iPhone Developer";
				COPY_PHASE_STRIP = NO;
				DEBUG_INFORMATION_FORMAT = "dwarf-with-dsym";
				ENABLE_NS_ASSERTIONS = NO;
				ENABLE_STRICT_OBJC_MSGSEND = YES;
				GCC_C_LANGUAGE_STANDARD = gnu99;
				GCC_NO_COMMON_BLOCKS = YES;
				GCC_WARN_64_TO_32_BIT_CONVERSION = YES;
				GCC_WARN_ABOUT_RETURN_TYPE = YES_ERROR;
				GCC_WARN_UNDECLARED_SELECTOR = YES;
				GCC_WARN_UNINITIALIZED_AUTOS = YES_AGGRESSIVE;
				GCC_WARN_UNUSED_FUNCTION = YES;
				GCC_WARN_UNUSED_VARIABLE = YES;
				IPHONEOS_DEPLOYMENT_TARGET = 10.3;
				MTL_ENABLE_DEBUG_INFO = NO;
				SDKROOT = iphoneos;
				SWIFT_OPTIMIZATION_LEVEL = "-Owholemodule";
				TARGETED_DEVICE_FAMILY = "1,2";
				VALIDATE_PRODUCT = YES;
			};
			name = Release;
		};
		31EF58D21ECFE5EE00722247 /* Debug */ = {
			isa = XCBuildConfiguration;
			buildSettings = {
				ASSETCATALOG_COMPILER_APPICON_NAME = AppIcon;
				DEVELOPMENT_TEAM = MDMP7FR5UC;
				INFOPLIST_FILE = HelloiOS/Info.plist;
				IPHONEOS_DEPLOYMENT_TARGET = 10.1;
				LD_RUNPATH_SEARCH_PATHS = "$(inherited) @executable_path/Frameworks";
				PRODUCT_BUNDLE_IDENTIFIER = yidengxuetang.com.HelloiOS;
				PRODUCT_NAME = "$(TARGET_NAME)";
				SWIFT_VERSION = 3.0;
			};
			name = Debug;
		};
		31EF58D31ECFE5EE00722247 /* Release */ = {
			isa = XCBuildConfiguration;
			buildSettings = {
				ASSETCATALOG_COMPILER_APPICON_NAME = AppIcon;
				DEVELOPMENT_TEAM = MDMP7FR5UC;
				INFOPLIST_FILE = HelloiOS/Info.plist;
				IPHONEOS_DEPLOYMENT_TARGET = 10.1;
				LD_RUNPATH_SEARCH_PATHS = "$(inherited) @executable_path/Frameworks";
				PRODUCT_BUNDLE_IDENTIFIER = yidengxuetang.com.HelloiOS;
				PRODUCT_NAME = "$(TARGET_NAME)";
				SWIFT_VERSION = 3.0;
			};
			name = Release;
		};
		31EF58D51ECFE5EE00722247 /* Debug */ = {
			isa = XCBuildConfiguration;
			buildSettings = {
				ALWAYS_EMBED_SWIFT_STANDARD_LIBRARIES = YES;
				BUNDLE_LOADER = "$(TEST_HOST)";
				DEVELOPMENT_TEAM = MDMP7FR5UC;
				INFOPLIST_FILE = HelloiOSTests/Info.plist;
				LD_RUNPATH_SEARCH_PATHS = "$(inherited) @executable_path/Frameworks @loader_path/Frameworks";
				PRODUCT_BUNDLE_IDENTIFIER = yidengxuetang.com.HelloiOSTests;
				PRODUCT_NAME = "$(TARGET_NAME)";
				SWIFT_VERSION = 3.0;
				TEST_HOST = "$(BUILT_PRODUCTS_DIR)/HelloiOS.app/HelloiOS";
			};
			name = Debug;
		};
		31EF58D61ECFE5EE00722247 /* Release */ = {
			isa = XCBuildConfiguration;
			buildSettings = {
				ALWAYS_EMBED_SWIFT_STANDARD_LIBRARIES = YES;
				BUNDLE_LOADER = "$(TEST_HOST)";
				DEVELOPMENT_TEAM = MDMP7FR5UC;
				INFOPLIST_FILE = HelloiOSTests/Info.plist;
				LD_RUNPATH_SEARCH_PATHS = "$(inherited) @executable_path/Frameworks @loader_path/Frameworks";
				PRODUCT_BUNDLE_IDENTIFIER = yidengxuetang.com.HelloiOSTests;
				PRODUCT_NAME = "$(TARGET_NAME)";
				SWIFT_VERSION = 3.0;
				TEST_HOST = "$(BUILT_PRODUCTS_DIR)/HelloiOS.app/HelloiOS";
			};
			name = Release;
		};
		31EF58D81ECFE5EE00722247 /* Debug */ = {
			isa = XCBuildConfiguration;
			buildSettings = {
				ALWAYS_EMBED_SWIFT_STANDARD_LIBRARIES = YES;
				DEVELOPMENT_TEAM = MDMP7FR5UC;
				INFOPLIST_FILE = HelloiOSUITests/Info.plist;
				LD_RUNPATH_SEARCH_PATHS = "$(inherited) @executable_path/Frameworks @loader_path/Frameworks";
				PRODUCT_BUNDLE_IDENTIFIER = yidengxuetang.com.HelloiOSUITests;
				PRODUCT_NAME = "$(TARGET_NAME)";
				SWIFT_VERSION = 3.0;
				TEST_TARGET_NAME = HelloiOS;
			};
			name = Debug;
		};
		31EF58D91ECFE5EE00722247 /* Release */ = {
			isa = XCBuildConfiguration;
			buildSettings = {
				ALWAYS_EMBED_SWIFT_STANDARD_LIBRARIES = YES;
				DEVELOPMENT_TEAM = MDMP7FR5UC;
				INFOPLIST_FILE = HelloiOSUITests/Info.plist;
				LD_RUNPATH_SEARCH_PATHS = "$(inherited) @executable_path/Frameworks @loader_path/Frameworks";
				PRODUCT_BUNDLE_IDENTIFIER = yidengxuetang.com.HelloiOSUITests;
				PRODUCT_NAME = "$(TARGET_NAME)";
				SWIFT_VERSION = 3.0;
				TEST_TARGET_NAME = HelloiOS;
			};
			name = Release;
		};
/* End XCBuildConfiguration section */

/* Begin XCConfigurationList section */
		31EF58A41ECFE5EE00722247 /* Build configuration list for PBXProject "HelloiOS" */ = {
			isa = XCConfigurationList;
			buildConfigurations = (
				31EF58CF1ECFE5EE00722247 /* Debug */,
				31EF58D01ECFE5EE00722247 /* Release */,
			);
			defaultConfigurationIsVisible = 0;
			defaultConfigurationName = Release;
		};
		31EF58D11ECFE5EE00722247 /* Build configuration list for PBXNativeTarget "HelloiOS" */ = {
			isa = XCConfigurationList;
			buildConfigurations = (
				31EF58D21ECFE5EE00722247 /* Debug */,
				31EF58D31ECFE5EE00722247 /* Release */,
			);
			defaultConfigurationIsVisible = 0;
		};
		31EF58D41ECFE5EE00722247 /* Build configuration list for PBXNativeTarget "HelloiOSTests" */ = {
			isa = XCConfigurationList;
			buildConfigurations = (
				31EF58D51ECFE5EE00722247 /* Debug */,
				31EF58D61ECFE5EE00722247 /* Release */,
			);
			defaultConfigurationIsVisible = 0;
		};
		31EF58D71ECFE5EE00722247 /* Build configuration list for PBXNativeTarget "HelloiOSUITests" */ = {
			isa = XCConfigurationList;
			buildConfigurations = (
				31EF58D81ECFE5EE00722247 /* Debug */,
				31EF58D91ECFE5EE00722247 /* Release */,
			);
			defaultConfigurationIsVisible = 0;
		};
/* End XCConfigurationList section */
	};
	rootObject = 31EF58A11ECFE5EE00722247 /* Project object */;
}
